// !$*UTF8*$!
{
	archiveVersion = 1;
	classes = {
	};
	objectVersion = 50;
	objects = {

/* Begin PBXBuildFile section */
		D03DDC732098EE1F005737F6 /* CoreDataStack.framework in Frameworks */ = {isa = PBXBuildFile; fileRef = D03DDC692098EE1F005737F6 /* CoreDataStack.framework */; };
		D03DDC782098EE1F005737F6 /* CoreDataStackTests.swift in Sources */ = {isa = PBXBuildFile; fileRef = D03DDC772098EE1F005737F6 /* CoreDataStackTests.swift */; };
		D03DDC7A2098EE1F005737F6 /* CoreDataStack.h in Headers */ = {isa = PBXBuildFile; fileRef = D03DDC6C2098EE1F005737F6 /* CoreDataStack.h */; settings = {ATTRIBUTES = (Public, ); }; };
		D03DDC842098EE4F005737F6 /* CoreDataStack.swift in Sources */ = {isa = PBXBuildFile; fileRef = D03DDC832098EE4F005737F6 /* CoreDataStack.swift */; };
/* End PBXBuildFile section */

/* Begin PBXContainerItemProxy section */
		D03DDC742098EE1F005737F6 /* PBXContainerItemProxy */ = {
			isa = PBXContainerItemProxy;
			containerPortal = D03DDC602098EE1F005737F6 /* Project object */;
			proxyType = 1;
			remoteGlobalIDString = D03DDC682098EE1F005737F6;
			remoteInfo = CoreDataStack;
		};
/* End PBXContainerItemProxy section */

/* Begin PBXFileReference section */
		D03DDC692098EE1F005737F6 /* CoreDataStack.framework */ = {isa = PBXFileReference; explicitFileType = wrapper.framework; includeInIndex = 0; path = CoreDataStack.framework; sourceTree = BUILT_PRODUCTS_DIR; };
		D03DDC6C2098EE1F005737F6 /* CoreDataStack.h */ = {isa = PBXFileReference; lastKnownFileType = sourcecode.c.h; path = CoreDataStack.h; sourceTree = "<group>"; };
		D03DDC6D2098EE1F005737F6 /* Info.plist */ = {isa = PBXFileReference; lastKnownFileType = text.plist.xml; path = Info.plist; sourceTree = "<group>"; };
		D03DDC722098EE1F005737F6 /* CoreDataStackTests.xctest */ = {isa = PBXFileReference; explicitFileType = wrapper.cfbundle; includeInIndex = 0; path = CoreDataStackTests.xctest; sourceTree = BUILT_PRODUCTS_DIR; };
		D03DDC772098EE1F005737F6 /* CoreDataStackTests.swift */ = {isa = PBXFileReference; lastKnownFileType = sourcecode.swift; path = CoreDataStackTests.swift; sourceTree = "<group>"; };
		D03DDC792098EE1F005737F6 /* Info.plist */ = {isa = PBXFileReference; lastKnownFileType = text.plist.xml; path = Info.plist; sourceTree = "<group>"; };
		D03DDC832098EE4F005737F6 /* CoreDataStack.swift */ = {isa = PBXFileReference; lastKnownFileType = sourcecode.swift; path = CoreDataStack.swift; sourceTree = "<group>"; };
/* End PBXFileReference section */

/* Begin PBXFrameworksBuildPhase section */
		D03DDC652098EE1F005737F6 /* Frameworks */ = {
			isa = PBXFrameworksBuildPhase;
			buildActionMask = 2147483647;
			files = (
			);
			runOnlyForDeploymentPostprocessing = 0;
		};
		D03DDC6F2098EE1F005737F6 /* Frameworks */ = {
			isa = PBXFrameworksBuildPhase;
			buildActionMask = 2147483647;
			files = (
				D03DDC732098EE1F005737F6 /* CoreDataStack.framework in Frameworks */,
			);
			runOnlyForDeploymentPostprocessing = 0;
		};
/* End PBXFrameworksBuildPhase section */

/* Begin PBXGroup section */
		D03DDC5F2098EE1F005737F6 = {
			isa = PBXGroup;
			children = (
				D03DDC6B2098EE1F005737F6 /* CoreDataStack */,
				D03DDC762098EE1F005737F6 /* CoreDataStackTests */,
				D03DDC6A2098EE1F005737F6 /* Products */,
			);
			sourceTree = "<group>";
		};
		D03DDC6A2098EE1F005737F6 /* Products */ = {
			isa = PBXGroup;
			children = (
				D03DDC692098EE1F005737F6 /* CoreDataStack.framework */,
				D03DDC722098EE1F005737F6 /* CoreDataStackTests.xctest */,
			);
			name = Products;
			sourceTree = "<group>";
		};
		D03DDC6B2098EE1F005737F6 /* CoreDataStack */ = {
			isa = PBXGroup;
			children = (
				D03DDC6C2098EE1F005737F6 /* CoreDataStack.h */,
				D03DDC832098EE4F005737F6 /* CoreDataStack.swift */,
				D03DDC6D2098EE1F005737F6 /* Info.plist */,
			);
			path = CoreDataStack;
			sourceTree = "<group>";
		};
		D03DDC762098EE1F005737F6 /* CoreDataStackTests */ = {
			isa = PBXGroup;
			children = (
				D03DDC772098EE1F005737F6 /* CoreDataStackTests.swift */,
				D03DDC792098EE1F005737F6 /* Info.plist */,
			);
			path = CoreDataStackTests;
			sourceTree = "<group>";
		};
/* End PBXGroup section */

/* Begin PBXHeadersBuildPhase section */
		D03DDC662098EE1F005737F6 /* Headers */ = {
			isa = PBXHeadersBuildPhase;
			buildActionMask = 2147483647;
			files = (
				D03DDC7A2098EE1F005737F6 /* CoreDataStack.h in Headers */,
			);
			runOnlyForDeploymentPostprocessing = 0;
		};
/* End PBXHeadersBuildPhase section */

/* Begin PBXNativeTarget section */
		D03DDC682098EE1F005737F6 /* CoreDataStack */ = {
			isa = PBXNativeTarget;
			buildConfigurationList = D03DDC7D2098EE1F005737F6 /* Build configuration list for PBXNativeTarget "CoreDataStack" */;
			buildPhases = (
				D03DDC642098EE1F005737F6 /* Sources */,
				D03DDC652098EE1F005737F6 /* Frameworks */,
				D03DDC662098EE1F005737F6 /* Headers */,
				D03DDC672098EE1F005737F6 /* Resources */,
			);
			buildRules = (
			);
			dependencies = (
			);
			name = CoreDataStack;
			productName = CoreDataStack;
			productReference = D03DDC692098EE1F005737F6 /* CoreDataStack.framework */;
			productType = "com.apple.product-type.framework";
		};
		D03DDC712098EE1F005737F6 /* CoreDataStackTests */ = {
			isa = PBXNativeTarget;
			buildConfigurationList = D03DDC802098EE1F005737F6 /* Build configuration list for PBXNativeTarget "CoreDataStackTests" */;
			buildPhases = (
				D03DDC6E2098EE1F005737F6 /* Sources */,
				D03DDC6F2098EE1F005737F6 /* Frameworks */,
				D03DDC702098EE1F005737F6 /* Resources */,
			);
			buildRules = (
			);
			dependencies = (
				D03DDC752098EE1F005737F6 /* PBXTargetDependency */,
			);
			name = CoreDataStackTests;
			productName = CoreDataStackTests;
			productReference = D03DDC722098EE1F005737F6 /* CoreDataStackTests.xctest */;
			productType = "com.apple.product-type.bundle.unit-test";
		};
/* End PBXNativeTarget section */

/* Begin PBXProject section */
		D03DDC602098EE1F005737F6 /* Project object */ = {
			isa = PBXProject;
			attributes = {
				LastSwiftUpdateCheck = 0930;
				LastUpgradeCheck = 0930;
				ORGANIZATIONNAME = "Никита Васильев";
				TargetAttributes = {
					D03DDC682098EE1F005737F6 = {
						CreatedOnToolsVersion = 9.3;
						LastSwiftMigration = 0930;
					};
					D03DDC712098EE1F005737F6 = {
						CreatedOnToolsVersion = 9.3;
					};
				};
			};
			buildConfigurationList = D03DDC632098EE1F005737F6 /* Build configuration list for PBXProject "CoreDataStack" */;
			compatibilityVersion = "Xcode 9.3";
			developmentRegion = en;
			hasScannedForEncodings = 0;
			knownRegions = (
				en,
			);
			mainGroup = D03DDC5F2098EE1F005737F6;
			productRefGroup = D03DDC6A2098EE1F005737F6 /* Products */;
			projectDirPath = "";
			projectRoot = "";
			targets = (
				D03DDC682098EE1F005737F6 /* CoreDataStack */,
				D03DDC712098EE1F005737F6 /* CoreDataStackTests */,
			);
		};
/* End PBXProject section */

/* Begin PBXResourcesBuildPhase section */
		D03DDC672098EE1F005737F6 /* Resources */ = {
			isa = PBXResourcesBuildPhase;
			buildActionMask = 2147483647;
			files = (
			);
			runOnlyForDeploymentPostprocessing = 0;
		};
		D03DDC702098EE1F005737F6 /* Resources */ = {
			isa = PBXResourcesBuildPhase;
			buildActionMask = 2147483647;
			files = (
			);
			runOnlyForDeploymentPostprocessing = 0;
		};
/* End PBXResourcesBuildPhase section */

/* Begin PBXSourcesBuildPhase section */
		D03DDC642098EE1F005737F6 /* Sources */ = {
			isa = PBXSourcesBuildPhase;
			buildActionMask = 2147483647;
			files = (
				D03DDC842098EE4F005737F6 /* CoreDataStack.swift in Sources */,
			);
			runOnlyForDeploymentPostprocessing = 0;
		};
		D03DDC6E2098EE1F005737F6 /* Sources */ = {
			isa = PBXSourcesBuildPhase;
			buildActionMask = 2147483647;
			files = (
				D03DDC782098EE1F005737F6 /* CoreDataStackTests.swift in Sources */,
			);
			runOnlyForDeploymentPostprocessing = 0;
		};
/* End PBXSourcesBuildPhase section */

/* Begin PBXTargetDependency section */
		D03DDC752098EE1F005737F6 /* PBXTargetDependency */ = {
			isa = PBXTargetDependency;
			target = D03DDC682098EE1F005737F6 /* CoreDataStack */;
			targetProxy = D03DDC742098EE1F005737F6 /* PBXContainerItemProxy */;
		};
/* End PBXTargetDependency section */

/* Begin XCBuildConfiguration section */
		D03DDC7B2098EE1F005737F6 /* Debug */ = {
			isa = XCBuildConfiguration;
			buildSettings = {
				ALWAYS_SEARCH_USER_PATHS = NO;
				CLANG_ANALYZER_NONNULL = YES;
				CLANG_ANALYZER_NUMBER_OBJECT_CONVERSION = YES_AGGRESSIVE;
				CLANG_CXX_LANGUAGE_STANDARD = "gnu++14";
				CLANG_CXX_LIBRARY = "libc++";
				CLANG_ENABLE_MODULES = YES;
				CLANG_ENABLE_OBJC_ARC = YES;
				CLANG_ENABLE_OBJC_WEAK = YES;
				CLANG_WARN_BLOCK_CAPTURE_AUTORELEASING = YES;
				CLANG_WARN_BOOL_CONVERSION = YES;
				CLANG_WARN_COMMA = YES;
				CLANG_WARN_CONSTANT_CONVERSION = YES;
				CLANG_WARN_DEPRECATED_OBJC_IMPLEMENTATIONS = YES;
				CLANG_WARN_DIRECT_OBJC_ISA_USAGE = YES_ERROR;
				CLANG_WARN_DOCUMENTATION_COMMENTS = YES;
				CLANG_WARN_EMPTY_BODY = YES;
				CLANG_WARN_ENUM_CONVERSION = YES;
				CLANG_WARN_INFINITE_RECURSION = YES;
				CLANG_WARN_INT_CONVERSION = YES;
				CLANG_WARN_NON_LITERAL_NULL_CONVERSION = YES;
				CLANG_WARN_OBJC_IMPLICIT_RETAIN_SELF = YES;
				CLANG_WARN_OBJC_LITERAL_CONVERSION = YES;
				CLANG_WARN_OBJC_ROOT_CLASS = YES_ERROR;
				CLANG_WARN_RANGE_LOOP_ANALYSIS = YES;
				CLANG_WARN_STRICT_PROTOTYPES = YES;
				CLANG_WARN_SUSPICIOUS_MOVE = YES;
				CLANG_WARN_UNGUARDED_AVAILABILITY = YES_AGGRESSIVE;
				CLANG_WARN_UNREACHABLE_CODE = YES;
				CLANG_WARN__DUPLICATE_METHOD_MATCH = YES;
				CODE_SIGN_IDENTITY = "iPhone Developer";
				COPY_PHASE_STRIP = NO;
				CURRENT_PROJECT_VERSION = 1;
				DEBUG_INFORMATION_FORMAT = dwarf;
				ENABLE_STRICT_OBJC_MSGSEND = YES;
				ENABLE_TESTABILITY = YES;
				GCC_C_LANGUAGE_STANDARD = gnu11;
				GCC_DYNAMIC_NO_PIC = NO;
				GCC_NO_COMMON_BLOCKS = YES;
				GCC_OPTIMIZATION_LEVEL = 0;
				GCC_PREPROCESSOR_DEFINITIONS = (
					"DEBUG=1",
					"$(inherited)",
				);
				GCC_WARN_64_TO_32_BIT_CONVERSION = YES;
				GCC_WARN_ABOUT_RETURN_TYPE = YES_ERROR;
				GCC_WARN_UNDECLARED_SELECTOR = YES;
				GCC_WARN_UNINITIALIZED_AUTOS = YES_AGGRESSIVE;
				GCC_WARN_UNUSED_FUNCTION = YES;
				GCC_WARN_UNUSED_VARIABLE = YES;
				IPHONEOS_DEPLOYMENT_TARGET = 10.0;
				MTL_ENABLE_DEBUG_INFO = YES;
				ONLY_ACTIVE_ARCH = YES;
				SDKROOT = iphoneos;
				SWIFT_ACTIVE_COMPILATION_CONDITIONS = DEBUG;
				SWIFT_OPTIMIZATION_LEVEL = "-Onone";
				VERSIONING_SYSTEM = "apple-generic";
				VERSION_INFO_PREFIX = "";
			};
			name = Debug;
		};
		D03DDC7C2098EE1F005737F6 /* Release */ = {
			isa = XCBuildConfiguration;
			buildSettings = {
				ALWAYS_SEARCH_USER_PATHS = NO;
				CLANG_ANALYZER_NONNULL = YES;
				CLANG_ANALYZER_NUMBER_OBJECT_CONVERSION = YES_AGGRESSIVE;
				CLANG_CXX_LANGUAGE_STANDARD = "gnu++14";
				CLANG_CXX_LIBRARY = "libc++";
				CLANG_ENABLE_MODULES = YES;
				CLANG_ENABLE_OBJC_ARC = YES;
				CLANG_ENABLE_OBJC_WEAK = YES;
				CLANG_WARN_BLOCK_CAPTURE_AUTORELEASING = YES;
				CLANG_WARN_BOOL_CONVERSION = YES;
				CLANG_WARN_COMMA = YES;
				CLANG_WARN_CONSTANT_CONVERSION = YES;
				CLANG_WARN_DEPRECATED_OBJC_IMPLEMENTATIONS = YES;
				CLANG_WARN_DIRECT_OBJC_ISA_USAGE = YES_ERROR;
				CLANG_WARN_DOCUMENTATION_COMMENTS = YES;
				CLANG_WARN_EMPTY_BODY = YES;
				CLANG_WARN_ENUM_CONVERSION = YES;
				CLANG_WARN_INFINITE_RECURSION = YES;
				CLANG_WARN_INT_CONVERSION = YES;
				CLANG_WARN_NON_LITERAL_NULL_CONVERSION = YES;
				CLANG_WARN_OBJC_IMPLICIT_RETAIN_SELF = YES;
				CLANG_WARN_OBJC_LITERAL_CONVERSION = YES;
				CLANG_WARN_OBJC_ROOT_CLASS = YES_ERROR;
				CLANG_WARN_RANGE_LOOP_ANALYSIS = YES;
				CLANG_WARN_STRICT_PROTOTYPES = YES;
				CLANG_WARN_SUSPICIOUS_MOVE = YES;
				CLANG_WARN_UNGUARDED_AVAILABILITY = YES_AGGRESSIVE;
				CLANG_WARN_UNREACHABLE_CODE = YES;
				CLANG_WARN__DUPLICATE_METHOD_MATCH = YES;
				CODE_SIGN_IDENTITY = "iPhone Developer";
				COPY_PHASE_STRIP = NO;
				CURRENT_PROJECT_VERSION = 1;
				DEBUG_INFORMATION_FORMAT = "dwarf-with-dsym";
				ENABLE_NS_ASSERTIONS = NO;
				ENABLE_STRICT_OBJC_MSGSEND = YES;
				GCC_C_LANGUAGE_STANDARD = gnu11;
				GCC_NO_COMMON_BLOCKS = YES;
				GCC_WARN_64_TO_32_BIT_CONVERSION = YES;
				GCC_WARN_ABOUT_RETURN_TYPE = YES_ERROR;
				GCC_WARN_UNDECLARED_SELECTOR = YES;
				GCC_WARN_UNINITIALIZED_AUTOS = YES_AGGRESSIVE;
				GCC_WARN_UNUSED_FUNCTION = YES;
				GCC_WARN_UNUSED_VARIABLE = YES;
				IPHONEOS_DEPLOYMENT_TARGET = 10.0;
				MTL_ENABLE_DEBUG_INFO = NO;
				SDKROOT = iphoneos;
				SWIFT_COMPILATION_MODE = wholemodule;
				SWIFT_OPTIMIZATION_LEVEL = "-O";
				VALIDATE_PRODUCT = YES;
				VERSIONING_SYSTEM = "apple-generic";
				VERSION_INFO_PREFIX = "";
			};
			name = Release;
		};
		D03DDC7E2098EE1F005737F6 /* Debug */ = {
			isa = XCBuildConfiguration;
			buildSettings = {
				CLANG_ENABLE_MODULES = YES;
				CODE_SIGN_IDENTITY = "";
				CODE_SIGN_STYLE = Automatic;
				DEFINES_MODULE = YES;
				DEVELOPMENT_TEAM = A8WE5LL2GU;
				DYLIB_COMPATIBILITY_VERSION = 1;
				DYLIB_CURRENT_VERSION = 1;
				DYLIB_INSTALL_NAME_BASE = "@rpath";
				INFOPLIST_FILE = CoreDataStack/Info.plist;
				INSTALL_PATH = "$(LOCAL_LIBRARY_DIR)/Frameworks";
				IPHONEOS_DEPLOYMENT_TARGET = 10.0;
				LD_RUNPATH_SEARCH_PATHS = (
					"$(inherited)",
					"@executable_path/Frameworks",
					"@loader_path/Frameworks",
				);
				PRODUCT_BUNDLE_IDENTIFIER = com.nikitavasilev.CoreDataStack;
				PRODUCT_NAME = "$(TARGET_NAME:c99extidentifier)";
				SKIP_INSTALL = YES;
				SWIFT_OPTIMIZATION_LEVEL = "-Onone";
				SWIFT_VERSION = 4.0;
				TARGETED_DEVICE_FAMILY = "1,2";
			};
			name = Debug;
		};
		D03DDC7F2098EE1F005737F6 /* Release */ = {
			isa = XCBuildConfiguration;
			buildSettings = {
				CLANG_ENABLE_MODULES = YES;
				CODE_SIGN_IDENTITY = "";
				CODE_SIGN_STYLE = Automatic;
				DEFINES_MODULE = YES;
				DEVELOPMENT_TEAM = A8WE5LL2GU;
				DYLIB_COMPATIBILITY_VERSION = 1;
				DYLIB_CURRENT_VERSION = 1;
				DYLIB_INSTALL_NAME_BASE = "@rpath";
				INFOPLIST_FILE = CoreDataStack/Info.plist;
				INSTALL_PATH = "$(LOCAL_LIBRARY_DIR)/Frameworks";
				IPHONEOS_DEPLOYMENT_TARGET = 10.0;
				LD_RUNPATH_SEARCH_PATHS = (
					"$(inherited)",
					"@executable_path/Frameworks",
					"@loader_path/Frameworks",
				);
				PRODUCT_BUNDLE_IDENTIFIER = com.nikitavasilev.CoreDataStack;
				PRODUCT_NAME = "$(TARGET_NAME:c99extidentifier)";
				SKIP_INSTALL = YES;
				SWIFT_VERSION = 4.0;
				TARGETED_DEVICE_FAMILY = "1,2";
			};
			name = Release;
		};
		D03DDC812098EE1F005737F6 /* Debug */ = {
			isa = XCBuildConfiguration;
			buildSettings = {
				ALWAYS_EMBED_SWIFT_STANDARD_LIBRARIES = YES;
				CODE_SIGN_STYLE = Automatic;
				DEVELOPMENT_TEAM = A8WE5LL2GU;
				INFOPLIST_FILE = CoreDataStackTests/Info.plist;
				LD_RUNPATH_SEARCH_PATHS = (
					"$(inherited)",
					"@executable_path/Frameworks",
					"@loader_path/Frameworks",
				);
				PRODUCT_BUNDLE_IDENTIFIER = com.nikitavasilev.CoreDataStackTests;
				PRODUCT_NAME = "$(TARGET_NAME)";
				SWIFT_VERSION = 4.0;
				TARGETED_DEVICE_FAMILY = "1,2";
			};
			name = Debug;
		};
		D03DDC822098EE1F005737F6 /* Release */ = {
			isa = XCBuildConfiguration;
			buildSettings = {
				ALWAYS_EMBED_SWIFT_STANDARD_LIBRARIES = YES;
				CODE_SIGN_STYLE = Automatic;
				DEVELOPMENT_TEAM = A8WE5LL2GU;
				INFOPLIST_FILE = CoreDataStackTests/Info.plist;
				LD_RUNPATH_SEARCH_PATHS = (
					"$(inherited)",
					"@executable_path/Frameworks",
					"@loader_path/Frameworks",
				);
				PRODUCT_BUNDLE_IDENTIFIER = com.nikitavasilev.CoreDataStackTests;
				PRODUCT_NAME = "$(TARGET_NAME)";
				SWIFT_VERSION = 4.0;
				TARGETED_DEVICE_FAMILY = "1,2";
			};
			name = Release;
		};
/* End XCBuildConfiguration section */

/* Begin XCConfigurationList section */
		D03DDC632098EE1F005737F6 /* Build configuration list for PBXProject "CoreDataStack" */ = {
			isa = XCConfigurationList;
			buildConfigurations = (
				D03DDC7B2098EE1F005737F6 /* Debug */,
				D03DDC7C2098EE1F005737F6 /* Release */,
			);
			defaultConfigurationIsVisible = 0;
			defaultConfigurationName = Release;
		};
		D03DDC7D2098EE1F005737F6 /* Build configuration list for PBXNativeTarget "CoreDataStack" */ = {
			isa = XCConfigurationList;
			buildConfigurations = (
				D03DDC7E2098EE1F005737F6 /* Debug */,
				D03DDC7F2098EE1F005737F6 /* Release */,
			);
			defaultConfigurationIsVisible = 0;
			defaultConfigurationName = Release;
		};
		D03DDC802098EE1F005737F6 /* Build configuration list for PBXNativeTarget "CoreDataStackTests" */ = {
			isa = XCConfigurationList;
			buildConfigurations = (
				D03DDC812098EE1F005737F6 /* Debug */,
				D03DDC822098EE1F005737F6 /* Release */,
			);
			defaultConfigurationIsVisible = 0;
			defaultConfigurationName = Release;
		};
/* End XCConfigurationList section */
	};
	rootObject = D03DDC602098EE1F005737F6 /* Project object */;
}
