// !$*UTF8*$!
{
	archiveVersion = 1;
	classes = {
	};
	objectVersion = 50;
	objects = {

/* Begin PBXBuildFile section */
		D008583720935899005AEC03 /* ImageLoader.swift in Sources */ = {isa = PBXBuildFile; fileRef = D008583620935899005AEC03 /* ImageLoader.swift */; };
		D01630E1208E388000839D2E /* Pods_ExternalWorkers.framework in Frameworks */ = {isa = PBXBuildFile; fileRef = D01630E0208E388000839D2E /* Pods_ExternalWorkers.framework */; };
		D01630E3208E388000839D2E /* StepikCore.framework in Frameworks */ = {isa = PBXBuildFile; fileRef = D01630E2208E388000839D2E /* StepikCore.framework */; };
		D01630E6208E394300839D2E /* Pods_ExternalWorkers.framework in Resources */ = {isa = PBXBuildFile; fileRef = D01630E0208E388000839D2E /* Pods_ExternalWorkers.framework */; };
		D01630E7208E394300839D2E /* StepikCore.framework in Resources */ = {isa = PBXBuildFile; fileRef = D01630E2208E388000839D2E /* StepikCore.framework */; };
		D0D32530208DEEE10010E5A2 /* ExternalWorkers.framework in Frameworks */ = {isa = PBXBuildFile; fileRef = D0D32526208DEEE10010E5A2 /* ExternalWorkers.framework */; };
		D0D32535208DEEE20010E5A2 /* ExternalWorkersTests.swift in Sources */ = {isa = PBXBuildFile; fileRef = D0D32534208DEEE20010E5A2 /* ExternalWorkersTests.swift */; };
		D0D32537208DEEE20010E5A2 /* ExternalWorkers.h in Headers */ = {isa = PBXBuildFile; fileRef = D0D32529208DEEE10010E5A2 /* ExternalWorkers.h */; settings = {ATTRIBUTES = (Public, ); }; };
		D0D3255F208E058E0010E5A2 /* CourseLoader.swift in Sources */ = {isa = PBXBuildFile; fileRef = D0D3255E208E058E0010E5A2 /* CourseLoader.swift */; };
		D0D32562208E06020010E5A2 /* Result.swift in Sources */ = {isa = PBXBuildFile; fileRef = D0D32561208E06020010E5A2 /* Result.swift */; };
		D0D32564208E06390010E5A2 /* Constants.swift in Sources */ = {isa = PBXBuildFile; fileRef = D0D32563208E06390010E5A2 /* Constants.swift */; };
		D0EA8B1F20923F02006AD21F /* CourseLoaderTests.swift in Sources */ = {isa = PBXBuildFile; fileRef = D0EA8B1E20923F02006AD21F /* CourseLoaderTests.swift */; };
		FCF72B334C286C91E6C79CDA /* Pods_ExternalWorkersTests.framework in Frameworks */ = {isa = PBXBuildFile; fileRef = CC578C27B8F90C2253616C9B /* Pods_ExternalWorkersTests.framework */; };
/* End PBXBuildFile section */

/* Begin PBXContainerItemProxy section */
		D0D32531208DEEE20010E5A2 /* PBXContainerItemProxy */ = {
			isa = PBXContainerItemProxy;
			containerPortal = D0D3251D208DEEE10010E5A2 /* Project object */;
			proxyType = 1;
			remoteGlobalIDString = D0D32525208DEEE10010E5A2;
			remoteInfo = ExternalWorkers;
		};
/* End PBXContainerItemProxy section */

/* Begin PBXCopyFilesBuildPhase section */
		D02F9D6E20910C78006BA167 /* CopyFiles */ = {
			isa = PBXCopyFilesBuildPhase;
			buildActionMask = 2147483647;
			dstPath = "";
			dstSubfolderSpec = 10;
			files = (
			);
			runOnlyForDeploymentPostprocessing = 0;
		};
/* End PBXCopyFilesBuildPhase section */

/* Begin PBXFileReference section */
		25CBA97C14F440542422F8E7 /* Pods-ExternalWorkersTests.tests.xcconfig */ = {isa = PBXFileReference; includeInIndex = 1; lastKnownFileType = text.xcconfig; name = "Pods-ExternalWorkersTests.tests.xcconfig"; path = "../../Pods/Target Support Files/Pods-ExternalWorkersTests/Pods-ExternalWorkersTests.tests.xcconfig"; sourceTree = "<group>"; };
		AB5E6FAAE44283D1B6CC15AF /* Pods-ExternalWorkers.release.xcconfig */ = {isa = PBXFileReference; includeInIndex = 1; lastKnownFileType = text.xcconfig; name = "Pods-ExternalWorkers.release.xcconfig"; path = "../../Pods/Target Support Files/Pods-ExternalWorkers/Pods-ExternalWorkers.release.xcconfig"; sourceTree = "<group>"; };
		BACD21EFFCC58C7C995AC62C /* Pods-ExternalWorkersTests.release.xcconfig */ = {isa = PBXFileReference; includeInIndex = 1; lastKnownFileType = text.xcconfig; name = "Pods-ExternalWorkersTests.release.xcconfig"; path = "../../Pods/Target Support Files/Pods-ExternalWorkersTests/Pods-ExternalWorkersTests.release.xcconfig"; sourceTree = "<group>"; };
		C19D1F2D02232FA94BBD1D2A /* Pods-ExternalWorkers.debug.xcconfig */ = {isa = PBXFileReference; includeInIndex = 1; lastKnownFileType = text.xcconfig; name = "Pods-ExternalWorkers.debug.xcconfig"; path = "../../Pods/Target Support Files/Pods-ExternalWorkers/Pods-ExternalWorkers.debug.xcconfig"; sourceTree = "<group>"; };
		CC578C27B8F90C2253616C9B /* Pods_ExternalWorkersTests.framework */ = {isa = PBXFileReference; explicitFileType = wrapper.framework; includeInIndex = 0; path = Pods_ExternalWorkersTests.framework; sourceTree = BUILT_PRODUCTS_DIR; };
		D008583620935899005AEC03 /* ImageLoader.swift */ = {isa = PBXFileReference; lastKnownFileType = sourcecode.swift; path = ImageLoader.swift; sourceTree = "<group>"; };
		D01630E0208E388000839D2E /* Pods_ExternalWorkers.framework */ = {isa = PBXFileReference; explicitFileType = wrapper.framework; path = Pods_ExternalWorkers.framework; sourceTree = BUILT_PRODUCTS_DIR; };
		D01630E2208E388000839D2E /* StepikCore.framework */ = {isa = PBXFileReference; explicitFileType = wrapper.framework; path = StepikCore.framework; sourceTree = BUILT_PRODUCTS_DIR; };
		D0D32526208DEEE10010E5A2 /* ExternalWorkers.framework */ = {isa = PBXFileReference; explicitFileType = wrapper.framework; includeInIndex = 0; path = ExternalWorkers.framework; sourceTree = BUILT_PRODUCTS_DIR; };
		D0D32529208DEEE10010E5A2 /* ExternalWorkers.h */ = {isa = PBXFileReference; lastKnownFileType = sourcecode.c.h; path = ExternalWorkers.h; sourceTree = "<group>"; };
		D0D3252A208DEEE10010E5A2 /* Info.plist */ = {isa = PBXFileReference; lastKnownFileType = text.plist.xml; path = Info.plist; sourceTree = "<group>"; };
		D0D3252F208DEEE10010E5A2 /* ExternalWorkersTests.xctest */ = {isa = PBXFileReference; explicitFileType = wrapper.cfbundle; includeInIndex = 0; path = ExternalWorkersTests.xctest; sourceTree = BUILT_PRODUCTS_DIR; };
		D0D32534208DEEE20010E5A2 /* ExternalWorkersTests.swift */ = {isa = PBXFileReference; lastKnownFileType = sourcecode.swift; path = ExternalWorkersTests.swift; sourceTree = "<group>"; };
		D0D32536208DEEE20010E5A2 /* Info.plist */ = {isa = PBXFileReference; lastKnownFileType = text.plist.xml; path = Info.plist; sourceTree = "<group>"; };
		D0D3255E208E058E0010E5A2 /* CourseLoader.swift */ = {isa = PBXFileReference; lastKnownFileType = sourcecode.swift; path = CourseLoader.swift; sourceTree = "<group>"; };
		D0D32561208E06020010E5A2 /* Result.swift */ = {isa = PBXFileReference; lastKnownFileType = sourcecode.swift; path = Result.swift; sourceTree = "<group>"; };
		D0D32563208E06390010E5A2 /* Constants.swift */ = {isa = PBXFileReference; lastKnownFileType = sourcecode.swift; path = Constants.swift; sourceTree = "<group>"; };
		D0EA8B1E20923F02006AD21F /* CourseLoaderTests.swift */ = {isa = PBXFileReference; lastKnownFileType = sourcecode.swift; path = CourseLoaderTests.swift; sourceTree = "<group>"; };
		D119A444E48D32BBEFC30455 /* Pods-ExternalWorkers.tests.xcconfig */ = {isa = PBXFileReference; includeInIndex = 1; lastKnownFileType = text.xcconfig; name = "Pods-ExternalWorkers.tests.xcconfig"; path = "../../Pods/Target Support Files/Pods-ExternalWorkers/Pods-ExternalWorkers.tests.xcconfig"; sourceTree = "<group>"; };
		E97D2E74909FAC50BDF62665 /* Pods-ExternalWorkersTests.debug.xcconfig */ = {isa = PBXFileReference; includeInIndex = 1; lastKnownFileType = text.xcconfig; name = "Pods-ExternalWorkersTests.debug.xcconfig"; path = "../../Pods/Target Support Files/Pods-ExternalWorkersTests/Pods-ExternalWorkersTests.debug.xcconfig"; sourceTree = "<group>"; };
/* End PBXFileReference section */

/* Begin PBXFrameworksBuildPhase section */
		D0D32522208DEEE10010E5A2 /* Frameworks */ = {
			isa = PBXFrameworksBuildPhase;
			buildActionMask = 2147483647;
			files = (
				D01630E1208E388000839D2E /* Pods_ExternalWorkers.framework in Frameworks */,
				D01630E3208E388000839D2E /* StepikCore.framework in Frameworks */,
			);
			runOnlyForDeploymentPostprocessing = 0;
		};
		D0D3252C208DEEE10010E5A2 /* Frameworks */ = {
			isa = PBXFrameworksBuildPhase;
			buildActionMask = 2147483647;
			files = (
				D0D32530208DEEE10010E5A2 /* ExternalWorkers.framework in Frameworks */,
				FCF72B334C286C91E6C79CDA /* Pods_ExternalWorkersTests.framework in Frameworks */,
			);
			runOnlyForDeploymentPostprocessing = 0;
		};
/* End PBXFrameworksBuildPhase section */

/* Begin PBXGroup section */
		84126682216E7A8CB6449C0F /* Pods */ = {
			isa = PBXGroup;
			children = (
				C19D1F2D02232FA94BBD1D2A /* Pods-ExternalWorkers.debug.xcconfig */,
				AB5E6FAAE44283D1B6CC15AF /* Pods-ExternalWorkers.release.xcconfig */,
				E97D2E74909FAC50BDF62665 /* Pods-ExternalWorkersTests.debug.xcconfig */,
				BACD21EFFCC58C7C995AC62C /* Pods-ExternalWorkersTests.release.xcconfig */,
				D119A444E48D32BBEFC30455 /* Pods-ExternalWorkers.tests.xcconfig */,
				25CBA97C14F440542422F8E7 /* Pods-ExternalWorkersTests.tests.xcconfig */,
			);
			name = Pods;
			sourceTree = "<group>";
		};
		D0D3251C208DEEE10010E5A2 = {
			isa = PBXGroup;
			children = (
				D0D32528208DEEE10010E5A2 /* ExternalWorkers */,
				D0D32533208DEEE20010E5A2 /* ExternalWorkersTests */,
				D0D32527208DEEE10010E5A2 /* Products */,
				84126682216E7A8CB6449C0F /* Pods */,
				D14F796A5BE2F0EC9ADF9DB1 /* Frameworks */,
			);
			sourceTree = "<group>";
		};
		D0D32527208DEEE10010E5A2 /* Products */ = {
			isa = PBXGroup;
			children = (
				D0D32526208DEEE10010E5A2 /* ExternalWorkers.framework */,
				D0D3252F208DEEE10010E5A2 /* ExternalWorkersTests.xctest */,
			);
			name = Products;
			sourceTree = "<group>";
		};
		D0D32528208DEEE10010E5A2 /* ExternalWorkers */ = {
			isa = PBXGroup;
			children = (
				D0D32560208E05D40010E5A2 /* Commons */,
				D0D3255D208E056D0010E5A2 /* Search */,
				D0D32529208DEEE10010E5A2 /* ExternalWorkers.h */,
				D0D3252A208DEEE10010E5A2 /* Info.plist */,
			);
			path = ExternalWorkers;
			sourceTree = "<group>";
		};
		D0D32533208DEEE20010E5A2 /* ExternalWorkersTests */ = {
			isa = PBXGroup;
			children = (
				D0D32534208DEEE20010E5A2 /* ExternalWorkersTests.swift */,
				D0EA8B1E20923F02006AD21F /* CourseLoaderTests.swift */,
				D0D32536208DEEE20010E5A2 /* Info.plist */,
			);
			path = ExternalWorkersTests;
			sourceTree = "<group>";
		};
		D0D3255D208E056D0010E5A2 /* Search */ = {
			isa = PBXGroup;
			children = (
				D0D3255E208E058E0010E5A2 /* CourseLoader.swift */,
				D008583620935899005AEC03 /* ImageLoader.swift */,
			);
			path = Search;
			sourceTree = "<group>";
		};
		D0D32560208E05D40010E5A2 /* Commons */ = {
			isa = PBXGroup;
			children = (
				D0D32561208E06020010E5A2 /* Result.swift */,
				D0D32563208E06390010E5A2 /* Constants.swift */,
			);
			path = Commons;
			sourceTree = "<group>";
		};
		D14F796A5BE2F0EC9ADF9DB1 /* Frameworks */ = {
			isa = PBXGroup;
			children = (
				D01630E0208E388000839D2E /* Pods_ExternalWorkers.framework */,
				D01630E2208E388000839D2E /* StepikCore.framework */,
				CC578C27B8F90C2253616C9B /* Pods_ExternalWorkersTests.framework */,
			);
			path = Frameworks;
			sourceTree = "<group>";
		};
/* End PBXGroup section */

/* Begin PBXHeadersBuildPhase section */
		D0D32523208DEEE10010E5A2 /* Headers */ = {
			isa = PBXHeadersBuildPhase;
			buildActionMask = 2147483647;
			files = (
				D0D32537208DEEE20010E5A2 /* ExternalWorkers.h in Headers */,
			);
			runOnlyForDeploymentPostprocessing = 0;
		};
/* End PBXHeadersBuildPhase section */

/* Begin PBXNativeTarget section */
		D0D32525208DEEE10010E5A2 /* ExternalWorkers */ = {
			isa = PBXNativeTarget;
			buildConfigurationList = D0D3253A208DEEE20010E5A2 /* Build configuration list for PBXNativeTarget "ExternalWorkers" */;
			buildPhases = (
				A22F98ADC38419151144F806 /* [CP] Check Pods Manifest.lock */,
				D0D32521208DEEE10010E5A2 /* Sources */,
				D0D32522208DEEE10010E5A2 /* Frameworks */,
				D0D32523208DEEE10010E5A2 /* Headers */,
				D0D32524208DEEE10010E5A2 /* Resources */,
				D02F9D6E20910C78006BA167 /* CopyFiles */,
			);
			buildRules = (
			);
			dependencies = (
			);
			name = ExternalWorkers;
			productName = ExternalWorkers;
			productReference = D0D32526208DEEE10010E5A2 /* ExternalWorkers.framework */;
			productType = "com.apple.product-type.framework";
		};
		D0D3252E208DEEE10010E5A2 /* ExternalWorkersTests */ = {
			isa = PBXNativeTarget;
			buildConfigurationList = D0D3253D208DEEE20010E5A2 /* Build configuration list for PBXNativeTarget "ExternalWorkersTests" */;
			buildPhases = (
				C12668DB4363D0F14DCC90DC /* [CP] Check Pods Manifest.lock */,
				D0D3252B208DEEE10010E5A2 /* Sources */,
				D0D3252C208DEEE10010E5A2 /* Frameworks */,
				D0D3252D208DEEE10010E5A2 /* Resources */,
				CA89CB7B6DF35813DE2B87F9 /* [CP] Embed Pods Frameworks */,
			);
			buildRules = (
			);
			dependencies = (
				D0D32532208DEEE20010E5A2 /* PBXTargetDependency */,
			);
			name = ExternalWorkersTests;
			productName = ExternalWorkersTests;
			productReference = D0D3252F208DEEE10010E5A2 /* ExternalWorkersTests.xctest */;
			productType = "com.apple.product-type.bundle.unit-test";
		};
/* End PBXNativeTarget section */

/* Begin PBXProject section */
		D0D3251D208DEEE10010E5A2 /* Project object */ = {
			isa = PBXProject;
			attributes = {
				LastSwiftUpdateCheck = 0930;
				LastUpgradeCheck = 0930;
				ORGANIZATIONNAME = "Никита Васильев";
				TargetAttributes = {
					D0D32525208DEEE10010E5A2 = {
						CreatedOnToolsVersion = 9.3;
						LastSwiftMigration = 0930;
					};
					D0D3252E208DEEE10010E5A2 = {
						CreatedOnToolsVersion = 9.3;
					};
				};
			};
			buildConfigurationList = D0D32520208DEEE10010E5A2 /* Build configuration list for PBXProject "ExternalWorkers" */;
			compatibilityVersion = "Xcode 9.3";
			developmentRegion = en;
			hasScannedForEncodings = 0;
			knownRegions = (
				en,
			);
			mainGroup = D0D3251C208DEEE10010E5A2;
			productRefGroup = D0D32527208DEEE10010E5A2 /* Products */;
			projectDirPath = "";
			projectRoot = "";
			targets = (
				D0D32525208DEEE10010E5A2 /* ExternalWorkers */,
				D0D3252E208DEEE10010E5A2 /* ExternalWorkersTests */,
			);
		};
/* End PBXProject section */

/* Begin PBXResourcesBuildPhase section */
		D0D32524208DEEE10010E5A2 /* Resources */ = {
			isa = PBXResourcesBuildPhase;
			buildActionMask = 2147483647;
			files = (
				D01630E7208E394300839D2E /* StepikCore.framework in Resources */,
				D01630E6208E394300839D2E /* Pods_ExternalWorkers.framework in Resources */,
			);
			runOnlyForDeploymentPostprocessing = 0;
		};
		D0D3252D208DEEE10010E5A2 /* Resources */ = {
			isa = PBXResourcesBuildPhase;
			buildActionMask = 2147483647;
			files = (
			);
			runOnlyForDeploymentPostprocessing = 0;
		};
/* End PBXResourcesBuildPhase section */

/* Begin PBXShellScriptBuildPhase section */
		A22F98ADC38419151144F806 /* [CP] Check Pods Manifest.lock */ = {
			isa = PBXShellScriptBuildPhase;
			buildActionMask = 2147483647;
			files = (
			);
			inputPaths = (
				"${PODS_PODFILE_DIR_PATH}/Podfile.lock",
				"${PODS_ROOT}/Manifest.lock",
			);
			name = "[CP] Check Pods Manifest.lock";
			outputPaths = (
				"$(DERIVED_FILE_DIR)/Pods-ExternalWorkers-checkManifestLockResult.txt",
			);
			runOnlyForDeploymentPostprocessing = 0;
			shellPath = /bin/sh;
			shellScript = "diff \"${PODS_PODFILE_DIR_PATH}/Podfile.lock\" \"${PODS_ROOT}/Manifest.lock\" > /dev/null\nif [ $? != 0 ] ; then\n    # print error to STDERR\n    echo \"error: The sandbox is not in sync with the Podfile.lock. Run 'pod install' or update your CocoaPods installation.\" >&2\n    exit 1\nfi\n# This output is used by Xcode 'outputs' to avoid re-running this script phase.\necho \"SUCCESS\" > \"${SCRIPT_OUTPUT_FILE_0}\"\n";
			showEnvVarsInLog = 0;
		};
		C12668DB4363D0F14DCC90DC /* [CP] Check Pods Manifest.lock */ = {
			isa = PBXShellScriptBuildPhase;
			buildActionMask = 2147483647;
			files = (
			);
			inputPaths = (
				"${PODS_PODFILE_DIR_PATH}/Podfile.lock",
				"${PODS_ROOT}/Manifest.lock",
			);
			name = "[CP] Check Pods Manifest.lock";
			outputPaths = (
				"$(DERIVED_FILE_DIR)/Pods-ExternalWorkersTests-checkManifestLockResult.txt",
			);
			runOnlyForDeploymentPostprocessing = 0;
			shellPath = /bin/sh;
			shellScript = "diff \"${PODS_PODFILE_DIR_PATH}/Podfile.lock\" \"${PODS_ROOT}/Manifest.lock\" > /dev/null\nif [ $? != 0 ] ; then\n    # print error to STDERR\n    echo \"error: The sandbox is not in sync with the Podfile.lock. Run 'pod install' or update your CocoaPods installation.\" >&2\n    exit 1\nfi\n# This output is used by Xcode 'outputs' to avoid re-running this script phase.\necho \"SUCCESS\" > \"${SCRIPT_OUTPUT_FILE_0}\"\n";
			showEnvVarsInLog = 0;
		};
		CA89CB7B6DF35813DE2B87F9 /* [CP] Embed Pods Frameworks */ = {
			isa = PBXShellScriptBuildPhase;
			buildActionMask = 2147483647;
			files = (
			);
			inputPaths = (
				"${SRCROOT}/../../Pods/Target Support Files/Pods-ExternalWorkersTests/Pods-ExternalWorkersTests-frameworks.sh",
				"${BUILT_PRODUCTS_DIR}/Alamofire/Alamofire.framework",
			);
			name = "[CP] Embed Pods Frameworks";
			outputPaths = (
				"${TARGET_BUILD_DIR}/${FRAMEWORKS_FOLDER_PATH}/Alamofire.framework",
			);
			runOnlyForDeploymentPostprocessing = 0;
			shellPath = /bin/sh;
			shellScript = "\"${SRCROOT}/../../Pods/Target Support Files/Pods-ExternalWorkersTests/Pods-ExternalWorkersTests-frameworks.sh\"\n";
			showEnvVarsInLog = 0;
		};
/* End PBXShellScriptBuildPhase section */

/* Begin PBXSourcesBuildPhase section */
		D0D32521208DEEE10010E5A2 /* Sources */ = {
			isa = PBXSourcesBuildPhase;
			buildActionMask = 2147483647;
			files = (
				D0D32562208E06020010E5A2 /* Result.swift in Sources */,
				D0D3255F208E058E0010E5A2 /* CourseLoader.swift in Sources */,
				D008583720935899005AEC03 /* ImageLoader.swift in Sources */,
				D0D32564208E06390010E5A2 /* Constants.swift in Sources */,
			);
			runOnlyForDeploymentPostprocessing = 0;
		};
		D0D3252B208DEEE10010E5A2 /* Sources */ = {
			isa = PBXSourcesBuildPhase;
			buildActionMask = 2147483647;
			files = (
				D0D32535208DEEE20010E5A2 /* ExternalWorkersTests.swift in Sources */,
				D0EA8B1F20923F02006AD21F /* CourseLoaderTests.swift in Sources */,
			);
			runOnlyForDeploymentPostprocessing = 0;
		};
/* End PBXSourcesBuildPhase section */

/* Begin PBXTargetDependency section */
		D0D32532208DEEE20010E5A2 /* PBXTargetDependency */ = {
			isa = PBXTargetDependency;
			target = D0D32525208DEEE10010E5A2 /* ExternalWorkers */;
			targetProxy = D0D32531208DEEE20010E5A2 /* PBXContainerItemProxy */;
		};
/* End PBXTargetDependency section */

/* Begin XCBuildConfiguration section */
		D0B80F2A209CA8C9009677F0 /* Tests */ = {
			isa = XCBuildConfiguration;
			buildSettings = {
				ALWAYS_SEARCH_USER_PATHS = NO;
				CLANG_ANALYZER_NONNULL = YES;
				CLANG_ANALYZER_NUMBER_OBJECT_CONVERSION = YES_AGGRESSIVE;
				CLANG_CXX_LANGUAGE_STANDARD = "gnu++14";
				CLANG_CXX_LIBRARY = "libc++";
				CLANG_ENABLE_MODULES = YES;
				CLANG_ENABLE_OBJC_ARC = YES;
				CLANG_ENABLE_OBJC_WEAK = YES;
				CLANG_WARN_BLOCK_CAPTURE_AUTORELEASING = YES;
				CLANG_WARN_BOOL_CONVERSION = YES;
				CLANG_WARN_COMMA = YES;
				CLANG_WARN_CONSTANT_CONVERSION = YES;
				CLANG_WARN_DEPRECATED_OBJC_IMPLEMENTATIONS = YES;
				CLANG_WARN_DIRECT_OBJC_ISA_USAGE = YES_ERROR;
				CLANG_WARN_DOCUMENTATION_COMMENTS = YES;
				CLANG_WARN_EMPTY_BODY = YES;
				CLANG_WARN_ENUM_CONVERSION = YES;
				CLANG_WARN_INFINITE_RECURSION = YES;
				CLANG_WARN_INT_CONVERSION = YES;
				CLANG_WARN_NON_LITERAL_NULL_CONVERSION = YES;
				CLANG_WARN_OBJC_IMPLICIT_RETAIN_SELF = YES;
				CLANG_WARN_OBJC_LITERAL_CONVERSION = YES;
				CLANG_WARN_OBJC_ROOT_CLASS = YES_ERROR;
				CLANG_WARN_RANGE_LOOP_ANALYSIS = YES;
				CLANG_WARN_STRICT_PROTOTYPES = YES;
				CLANG_WARN_SUSPICIOUS_MOVE = YES;
				CLANG_WARN_UNGUARDED_AVAILABILITY = YES_AGGRESSIVE;
				CLANG_WARN_UNREACHABLE_CODE = YES;
				CLANG_WARN__DUPLICATE_METHOD_MATCH = YES;
				CODE_SIGN_IDENTITY = "iPhone Developer";
				COPY_PHASE_STRIP = NO;
				CURRENT_PROJECT_VERSION = 1;
				DEBUG_INFORMATION_FORMAT = dwarf;
				ENABLE_STRICT_OBJC_MSGSEND = YES;
				ENABLE_TESTABILITY = YES;
				GCC_C_LANGUAGE_STANDARD = gnu11;
				GCC_DYNAMIC_NO_PIC = NO;
				GCC_NO_COMMON_BLOCKS = YES;
				GCC_OPTIMIZATION_LEVEL = 0;
				GCC_PREPROCESSOR_DEFINITIONS = (
					"DEBUG=1",
					"$(inherited)",
				);
				GCC_WARN_64_TO_32_BIT_CONVERSION = YES;
				GCC_WARN_ABOUT_RETURN_TYPE = YES_ERROR;
				GCC_WARN_UNDECLARED_SELECTOR = YES;
				GCC_WARN_UNINITIALIZED_AUTOS = YES_AGGRESSIVE;
				GCC_WARN_UNUSED_FUNCTION = YES;
				GCC_WARN_UNUSED_VARIABLE = YES;
				IPHONEOS_DEPLOYMENT_TARGET = 10.0;
				MTL_ENABLE_DEBUG_INFO = YES;
				ONLY_ACTIVE_ARCH = YES;
				SDKROOT = iphoneos;
				SWIFT_ACTIVE_COMPILATION_CONDITIONS = TESTS;
				SWIFT_OPTIMIZATION_LEVEL = "-Onone";
				VERSIONING_SYSTEM = "apple-generic";
				VERSION_INFO_PREFIX = "";
			};
			name = Tests;
		};
		D0B80F2B209CA8C9009677F0 /* Tests */ = {
			isa = XCBuildConfiguration;
			baseConfigurationReference = D119A444E48D32BBEFC30455 /* Pods-ExternalWorkers.tests.xcconfig */;
			buildSettings = {
				CLANG_ENABLE_MODULES = YES;
				CODE_SIGN_IDENTITY = "";
				CODE_SIGN_STYLE = Automatic;
				DEFINES_MODULE = YES;
				DEVELOPMENT_TEAM = A8WE5LL2GU;
				DYLIB_COMPATIBILITY_VERSION = 1;
				DYLIB_CURRENT_VERSION = 1;
				DYLIB_INSTALL_NAME_BASE = "@rpath";
				FRAMEWORK_SEARCH_PATHS = (
					"$(inherited)",
					"$(PROJECT_DIR)",
				);
				INFOPLIST_FILE = ExternalWorkers/Info.plist;
				INSTALL_PATH = "$(LOCAL_LIBRARY_DIR)/Frameworks";
				IPHONEOS_DEPLOYMENT_TARGET = 10.0;
				LD_RUNPATH_SEARCH_PATHS = "$(inherited) @executable_path/Frameworks @loader_path/Frameworks";
				PRODUCT_BUNDLE_IDENTIFIER = com.nikitavasilev.ExternalWorkers;
				PRODUCT_NAME = "$(TARGET_NAME:c99extidentifier)";
				SKIP_INSTALL = YES;
				SWIFT_OPTIMIZATION_LEVEL = "-Onone";
				SWIFT_VERSION = 4.0;
				TARGETED_DEVICE_FAMILY = "1,2";
			};
			name = Tests;
		};
		D0B80F2C209CA8C9009677F0 /* Tests */ = {
			isa = XCBuildConfiguration;
			baseConfigurationReference = 25CBA97C14F440542422F8E7 /* Pods-ExternalWorkersTests.tests.xcconfig */;
			buildSettings = {
				ALWAYS_EMBED_SWIFT_STANDARD_LIBRARIES = YES;
				CODE_SIGN_STYLE = Automatic;
				DEVELOPMENT_TEAM = A8WE5LL2GU;
				INFOPLIST_FILE = ExternalWorkersTests/Info.plist;
				LD_RUNPATH_SEARCH_PATHS = "$(inherited) @executable_path/Frameworks @loader_path/Frameworks";
				PRODUCT_BUNDLE_IDENTIFIER = com.nikitavasilev.ExternalWorkersTests;
				PRODUCT_NAME = "$(TARGET_NAME)";
				SWIFT_VERSION = 4.0;
				TARGETED_DEVICE_FAMILY = "1,2";
			};
			name = Tests;
		};
		D0D32538208DEEE20010E5A2 /* Debug */ = {
			isa = XCBuildConfiguration;
			buildSettings = {
				ALWAYS_SEARCH_USER_PATHS = NO;
				CLANG_ANALYZER_NONNULL = YES;
				CLANG_ANALYZER_NUMBER_OBJECT_CONVERSION = YES_AGGRESSIVE;
				CLANG_CXX_LANGUAGE_STANDARD = "gnu++14";
				CLANG_CXX_LIBRARY = "libc++";
				CLANG_ENABLE_MODULES = YES;
				CLANG_ENABLE_OBJC_ARC = YES;
				CLANG_ENABLE_OBJC_WEAK = YES;
				CLANG_WARN_BLOCK_CAPTURE_AUTORELEASING = YES;
				CLANG_WARN_BOOL_CONVERSION = YES;
				CLANG_WARN_COMMA = YES;
				CLANG_WARN_CONSTANT_CONVERSION = YES;
				CLANG_WARN_DEPRECATED_OBJC_IMPLEMENTATIONS = YES;
				CLANG_WARN_DIRECT_OBJC_ISA_USAGE = YES_ERROR;
				CLANG_WARN_DOCUMENTATION_COMMENTS = YES;
				CLANG_WARN_EMPTY_BODY = YES;
				CLANG_WARN_ENUM_CONVERSION = YES;
				CLANG_WARN_INFINITE_RECURSION = YES;
				CLANG_WARN_INT_CONVERSION = YES;
				CLANG_WARN_NON_LITERAL_NULL_CONVERSION = YES;
				CLANG_WARN_OBJC_IMPLICIT_RETAIN_SELF = YES;
				CLANG_WARN_OBJC_LITERAL_CONVERSION = YES;
				CLANG_WARN_OBJC_ROOT_CLASS = YES_ERROR;
				CLANG_WARN_RANGE_LOOP_ANALYSIS = YES;
				CLANG_WARN_STRICT_PROTOTYPES = YES;
				CLANG_WARN_SUSPICIOUS_MOVE = YES;
				CLANG_WARN_UNGUARDED_AVAILABILITY = YES_AGGRESSIVE;
				CLANG_WARN_UNREACHABLE_CODE = YES;
				CLANG_WARN__DUPLICATE_METHOD_MATCH = YES;
				CODE_SIGN_IDENTITY = "iPhone Developer";
				COPY_PHASE_STRIP = NO;
				CURRENT_PROJECT_VERSION = 1;
				DEBUG_INFORMATION_FORMAT = dwarf;
				ENABLE_STRICT_OBJC_MSGSEND = YES;
				ENABLE_TESTABILITY = YES;
				GCC_C_LANGUAGE_STANDARD = gnu11;
				GCC_DYNAMIC_NO_PIC = NO;
				GCC_NO_COMMON_BLOCKS = YES;
				GCC_OPTIMIZATION_LEVEL = 0;
				GCC_PREPROCESSOR_DEFINITIONS = (
					"DEBUG=1",
					"$(inherited)",
				);
				GCC_WARN_64_TO_32_BIT_CONVERSION = YES;
				GCC_WARN_ABOUT_RETURN_TYPE = YES_ERROR;
				GCC_WARN_UNDECLARED_SELECTOR = YES;
				GCC_WARN_UNINITIALIZED_AUTOS = YES_AGGRESSIVE;
				GCC_WARN_UNUSED_FUNCTION = YES;
				GCC_WARN_UNUSED_VARIABLE = YES;
				IPHONEOS_DEPLOYMENT_TARGET = 10.0;
				MTL_ENABLE_DEBUG_INFO = YES;
				ONLY_ACTIVE_ARCH = YES;
				SDKROOT = iphoneos;
				SWIFT_ACTIVE_COMPILATION_CONDITIONS = DEBUG;
				SWIFT_OPTIMIZATION_LEVEL = "-Onone";
				VERSIONING_SYSTEM = "apple-generic";
				VERSION_INFO_PREFIX = "";
			};
			name = Debug;
		};
		D0D32539208DEEE20010E5A2 /* Release */ = {
			isa = XCBuildConfiguration;
			buildSettings = {
				ALWAYS_SEARCH_USER_PATHS = NO;
				CLANG_ANALYZER_NONNULL = YES;
				CLANG_ANALYZER_NUMBER_OBJECT_CONVERSION = YES_AGGRESSIVE;
				CLANG_CXX_LANGUAGE_STANDARD = "gnu++14";
				CLANG_CXX_LIBRARY = "libc++";
				CLANG_ENABLE_MODULES = YES;
				CLANG_ENABLE_OBJC_ARC = YES;
				CLANG_ENABLE_OBJC_WEAK = YES;
				CLANG_WARN_BLOCK_CAPTURE_AUTORELEASING = YES;
				CLANG_WARN_BOOL_CONVERSION = YES;
				CLANG_WARN_COMMA = YES;
				CLANG_WARN_CONSTANT_CONVERSION = YES;
				CLANG_WARN_DEPRECATED_OBJC_IMPLEMENTATIONS = YES;
				CLANG_WARN_DIRECT_OBJC_ISA_USAGE = YES_ERROR;
				CLANG_WARN_DOCUMENTATION_COMMENTS = YES;
				CLANG_WARN_EMPTY_BODY = YES;
				CLANG_WARN_ENUM_CONVERSION = YES;
				CLANG_WARN_INFINITE_RECURSION = YES;
				CLANG_WARN_INT_CONVERSION = YES;
				CLANG_WARN_NON_LITERAL_NULL_CONVERSION = YES;
				CLANG_WARN_OBJC_IMPLICIT_RETAIN_SELF = YES;
				CLANG_WARN_OBJC_LITERAL_CONVERSION = YES;
				CLANG_WARN_OBJC_ROOT_CLASS = YES_ERROR;
				CLANG_WARN_RANGE_LOOP_ANALYSIS = YES;
				CLANG_WARN_STRICT_PROTOTYPES = YES;
				CLANG_WARN_SUSPICIOUS_MOVE = YES;
				CLANG_WARN_UNGUARDED_AVAILABILITY = YES_AGGRESSIVE;
				CLANG_WARN_UNREACHABLE_CODE = YES;
				CLANG_WARN__DUPLICATE_METHOD_MATCH = YES;
				CODE_SIGN_IDENTITY = "iPhone Developer";
				COPY_PHASE_STRIP = NO;
				CURRENT_PROJECT_VERSION = 1;
				DEBUG_INFORMATION_FORMAT = "dwarf-with-dsym";
				ENABLE_NS_ASSERTIONS = NO;
				ENABLE_STRICT_OBJC_MSGSEND = YES;
				GCC_C_LANGUAGE_STANDARD = gnu11;
				GCC_NO_COMMON_BLOCKS = YES;
				GCC_WARN_64_TO_32_BIT_CONVERSION = YES;
				GCC_WARN_ABOUT_RETURN_TYPE = YES_ERROR;
				GCC_WARN_UNDECLARED_SELECTOR = YES;
				GCC_WARN_UNINITIALIZED_AUTOS = YES_AGGRESSIVE;
				GCC_WARN_UNUSED_FUNCTION = YES;
				GCC_WARN_UNUSED_VARIABLE = YES;
				IPHONEOS_DEPLOYMENT_TARGET = 10.0;
				MTL_ENABLE_DEBUG_INFO = NO;
				SDKROOT = iphoneos;
				SWIFT_ACTIVE_COMPILATION_CONDITIONS = RELEASE;
				SWIFT_COMPILATION_MODE = wholemodule;
				SWIFT_OPTIMIZATION_LEVEL = "-O";
				VALIDATE_PRODUCT = YES;
				VERSIONING_SYSTEM = "apple-generic";
				VERSION_INFO_PREFIX = "";
			};
			name = Release;
		};
		D0D3253B208DEEE20010E5A2 /* Debug */ = {
			isa = XCBuildConfiguration;
			baseConfigurationReference = C19D1F2D02232FA94BBD1D2A /* Pods-ExternalWorkers.debug.xcconfig */;
			buildSettings = {
				CLANG_ENABLE_MODULES = YES;
				CODE_SIGN_IDENTITY = "";
				CODE_SIGN_STYLE = Automatic;
				DEFINES_MODULE = YES;
				DEVELOPMENT_TEAM = A8WE5LL2GU;
				DYLIB_COMPATIBILITY_VERSION = 1;
				DYLIB_CURRENT_VERSION = 1;
				DYLIB_INSTALL_NAME_BASE = "@rpath";
				FRAMEWORK_SEARCH_PATHS = (
					"$(inherited)",
					"$(PROJECT_DIR)",
				);
				INFOPLIST_FILE = ExternalWorkers/Info.plist;
				INSTALL_PATH = "$(LOCAL_LIBRARY_DIR)/Frameworks";
				IPHONEOS_DEPLOYMENT_TARGET = 10.0;
				LD_RUNPATH_SEARCH_PATHS = "$(inherited) @executable_path/Frameworks @loader_path/Frameworks";
				PRODUCT_BUNDLE_IDENTIFIER = com.nikitavasilev.ExternalWorkers;
				PRODUCT_NAME = "$(TARGET_NAME:c99extidentifier)";
				SKIP_INSTALL = YES;
				SWIFT_OPTIMIZATION_LEVEL = "-Onone";
				SWIFT_VERSION = 4.0;
				TARGETED_DEVICE_FAMILY = "1,2";
			};
			name = Debug;
		};
		D0D3253C208DEEE20010E5A2 /* Release */ = {
			isa = XCBuildConfiguration;
			baseConfigurationReference = AB5E6FAAE44283D1B6CC15AF /* Pods-ExternalWorkers.release.xcconfig */;
			buildSettings = {
				CLANG_ENABLE_MODULES = YES;
				CODE_SIGN_IDENTITY = "";
				CODE_SIGN_STYLE = Automatic;
				DEFINES_MODULE = YES;
				DEVELOPMENT_TEAM = A8WE5LL2GU;
				DYLIB_COMPATIBILITY_VERSION = 1;
				DYLIB_CURRENT_VERSION = 1;
				DYLIB_INSTALL_NAME_BASE = "@rpath";
				FRAMEWORK_SEARCH_PATHS = (
					"$(inherited)",
					"$(PROJECT_DIR)",
				);
				INFOPLIST_FILE = ExternalWorkers/Info.plist;
				INSTALL_PATH = "$(LOCAL_LIBRARY_DIR)/Frameworks";
				IPHONEOS_DEPLOYMENT_TARGET = 10.0;
				LD_RUNPATH_SEARCH_PATHS = "$(inherited) @executable_path/Frameworks @loader_path/Frameworks";
				PRODUCT_BUNDLE_IDENTIFIER = com.nikitavasilev.ExternalWorkers;
				PRODUCT_NAME = "$(TARGET_NAME:c99extidentifier)";
				SKIP_INSTALL = YES;
				SWIFT_VERSION = 4.0;
				TARGETED_DEVICE_FAMILY = "1,2";
			};
			name = Release;
		};
		D0D3253E208DEEE20010E5A2 /* Debug */ = {
			isa = XCBuildConfiguration;
			baseConfigurationReference = E97D2E74909FAC50BDF62665 /* Pods-ExternalWorkersTests.debug.xcconfig */;
			buildSettings = {
				ALWAYS_EMBED_SWIFT_STANDARD_LIBRARIES = YES;
				CODE_SIGN_STYLE = Automatic;
				DEVELOPMENT_TEAM = A8WE5LL2GU;
				INFOPLIST_FILE = ExternalWorkersTests/Info.plist;
				LD_RUNPATH_SEARCH_PATHS = "$(inherited) @executable_path/Frameworks @loader_path/Frameworks";
				PRODUCT_BUNDLE_IDENTIFIER = com.nikitavasilev.ExternalWorkersTests;
				PRODUCT_NAME = "$(TARGET_NAME)";
				SWIFT_VERSION = 4.0;
				TARGETED_DEVICE_FAMILY = "1,2";
			};
			name = Debug;
		};
		D0D3253F208DEEE20010E5A2 /* Release */ = {
			isa = XCBuildConfiguration;
			baseConfigurationReference = BACD21EFFCC58C7C995AC62C /* Pods-ExternalWorkersTests.release.xcconfig */;
			buildSettings = {
				ALWAYS_EMBED_SWIFT_STANDARD_LIBRARIES = YES;
				CODE_SIGN_STYLE = Automatic;
				DEVELOPMENT_TEAM = A8WE5LL2GU;
				INFOPLIST_FILE = ExternalWorkersTests/Info.plist;
				LD_RUNPATH_SEARCH_PATHS = "$(inherited) @executable_path/Frameworks @loader_path/Frameworks";
				PRODUCT_BUNDLE_IDENTIFIER = com.nikitavasilev.ExternalWorkersTests;
				PRODUCT_NAME = "$(TARGET_NAME)";
				SWIFT_VERSION = 4.0;
				TARGETED_DEVICE_FAMILY = "1,2";
			};
			name = Release;
		};
/* End XCBuildConfiguration section */

/* Begin XCConfigurationList section */
		D0D32520208DEEE10010E5A2 /* Build configuration list for PBXProject "ExternalWorkers" */ = {
			isa = XCConfigurationList;
			buildConfigurations = (
				D0D32538208DEEE20010E5A2 /* Debug */,
				D0B80F2A209CA8C9009677F0 /* Tests */,
				D0D32539208DEEE20010E5A2 /* Release */,
			);
			defaultConfigurationIsVisible = 0;
			defaultConfigurationName = Release;
		};
		D0D3253A208DEEE20010E5A2 /* Build configuration list for PBXNativeTarget "ExternalWorkers" */ = {
			isa = XCConfigurationList;
			buildConfigurations = (
				D0D3253B208DEEE20010E5A2 /* Debug */,
				D0B80F2B209CA8C9009677F0 /* Tests */,
				D0D3253C208DEEE20010E5A2 /* Release */,
			);
			defaultConfigurationIsVisible = 0;
			defaultConfigurationName = Release;
		};
		D0D3253D208DEEE20010E5A2 /* Build configuration list for PBXNativeTarget "ExternalWorkersTests" */ = {
			isa = XCConfigurationList;
			buildConfigurations = (
				D0D3253E208DEEE20010E5A2 /* Debug */,
				D0B80F2C209CA8C9009677F0 /* Tests */,
				D0D3253F208DEEE20010E5A2 /* Release */,
			);
			defaultConfigurationIsVisible = 0;
			defaultConfigurationName = Release;
		};
/* End XCConfigurationList section */
	};
	rootObject = D0D3251D208DEEE10010E5A2 /* Project object */;
}
